
Microsoft Visual Studio Solution File, Format Version 12.00
# Visual Studio Version 16
VisualStudioVersion = 25.0.1703.6
MinimumVisualStudioVersion = 10.0.40219.1
Project("{FAE04EC0-301F-11D3-BF4B-00C04F79EFBC}") = "Repzilon.Libraries.Core", "Repzilon.Libraries.Core\Repzilon.Libraries.Core.csproj", "{A43D9999-8346-491E-AA39-0ABEC8BFB525}"
EndProject
Global
	GlobalSection(SolutionConfigurationPlatforms) = preSolution
		Debug|Any CPU = Debug|Any CPU
		Release|Any CPU = Release|Any CPU
	EndGlobalSection
	GlobalSection(ProjectConfigurationPlatforms) = postSolution
		{A43D9999-8346-491E-AA39-0ABEC8BFB525}.Debug|Any CPU.ActiveCfg = Debug|Any CPU
		{A43D9999-8346-491E-AA39-0ABEC8BFB525}.Debug|Any CPU.Build.0 = Debug|Any CPU
		{A43D9999-8346-491E-AA39-0ABEC8BFB525}.Release|Any CPU.ActiveCfg = Release|Any CPU
		{A43D9999-8346-491E-AA39-0ABEC8BFB525}.Release|Any CPU.Build.0 = Release|Any CPU
	EndGlobalSection
	GlobalSection(SolutionProperties) = preSolution
		HideSolutionNode = FALSE
	EndGlobalSection
	GlobalSection(ExtensibilityGlobals) = postSolution
		SolutionGuid = {7FD906CC-855D-4B91-9EC4-7AF06F55961C}
	EndGlobalSection
EndGlobal
